// !$*UTF8*$!
{
	archiveVersion = 1;
	classes = {
	};
	objectVersion = 55;
	objects = {

/* Begin PBXBuildFile section */
		21C9726E2852F0E300836A9F /* secondViewController.swift in Sources */ = {isa = PBXBuildFile; fileRef = 21C9726D2852F0E300836A9F /* secondViewController.swift */; };
		21C972722852FBA700836A9F /* thirdViewController.swift in Sources */ = {isa = PBXBuildFile; fileRef = 21C972712852FBA700836A9F /* thirdViewController.swift */; };
		21C972782853890E00836A9F /* altViewController.swift in Sources */ = {isa = PBXBuildFile; fileRef = 21C972772853890E00836A9F /* altViewController.swift */; };
		21E404012852372C00668DDB /* AppDelegate.swift in Sources */ = {isa = PBXBuildFile; fileRef = 21E404002852372C00668DDB /* AppDelegate.swift */; };
		21E404032852372C00668DDB /* SceneDelegate.swift in Sources */ = {isa = PBXBuildFile; fileRef = 21E404022852372C00668DDB /* SceneDelegate.swift */; };
		21E404052852372C00668DDB /* ViewController.swift in Sources */ = {isa = PBXBuildFile; fileRef = 21E404042852372C00668DDB /* ViewController.swift */; };
		21E404082852372C00668DDB /* Main.storyboard in Resources */ = {isa = PBXBuildFile; fileRef = 21E404062852372C00668DDB /* Main.storyboard */; };
		21E4040A2852372E00668DDB /* Assets.xcassets in Resources */ = {isa = PBXBuildFile; fileRef = 21E404092852372E00668DDB /* Assets.xcassets */; };
		21E4040D2852372E00668DDB /* LaunchScreen.storyboard in Resources */ = {isa = PBXBuildFile; fileRef = 21E4040B2852372E00668DDB /* LaunchScreen.storyboard */; };
		21E404182852372E00668DDB /* questionAppTests.swift in Sources */ = {isa = PBXBuildFile; fileRef = 21E404172852372E00668DDB /* questionAppTests.swift */; };
		21E404222852372E00668DDB /* questionAppUITests.swift in Sources */ = {isa = PBXBuildFile; fileRef = 21E404212852372E00668DDB /* questionAppUITests.swift */; };
		21E404242852372E00668DDB /* questionAppUITestsLaunchTests.swift in Sources */ = {isa = PBXBuildFile; fileRef = 21E404232852372E00668DDB /* questionAppUITestsLaunchTests.swift */; };
/* End PBXBuildFile section */

/* Begin PBXContainerItemProxy section */
		21E404142852372E00668DDB /* PBXContainerItemProxy */ = {
			isa = PBXContainerItemProxy;
			containerPortal = 21E403F52852372C00668DDB /* Project object */;
			proxyType = 1;
			remoteGlobalIDString = 21E403FC2852372C00668DDB;
			remoteInfo = questionApp;
		};
		21E4041E2852372E00668DDB /* PBXContainerItemProxy */ = {
			isa = PBXContainerItemProxy;
			containerPortal = 21E403F52852372C00668DDB /* Project object */;
			proxyType = 1;
			remoteGlobalIDString = 21E403FC2852372C00668DDB;
			remoteInfo = questionApp;
		};
/* End PBXContainerItemProxy section */

/* Begin PBXFileReference section */
		21C9726D2852F0E300836A9F /* secondViewController.swift */ = {isa = PBXFileReference; lastKnownFileType = sourcecode.swift; path = secondViewController.swift; sourceTree = "<group>"; };
		21C972712852FBA700836A9F /* thirdViewController.swift */ = {isa = PBXFileReference; lastKnownFileType = sourcecode.swift; path = thirdViewController.swift; sourceTree = "<group>"; };
		21C972772853890E00836A9F /* altViewController.swift */ = {isa = PBXFileReference; lastKnownFileType = sourcecode.swift; path = altViewController.swift; sourceTree = "<group>"; };
		21E403FD2852372C00668DDB /* questionApp.app */ = {isa = PBXFileReference; explicitFileType = wrapper.application; includeInIndex = 0; path = questionApp.app; sourceTree = BUILT_PRODUCTS_DIR; };
		21E404002852372C00668DDB /* AppDelegate.swift */ = {isa = PBXFileReference; lastKnownFileType = sourcecode.swift; path = AppDelegate.swift; sourceTree = "<group>"; };
		21E404022852372C00668DDB /* SceneDelegate.swift */ = {isa = PBXFileReference; lastKnownFileType = sourcecode.swift; path = SceneDelegate.swift; sourceTree = "<group>"; };
		21E404042852372C00668DDB /* ViewController.swift */ = {isa = PBXFileReference; lastKnownFileType = sourcecode.swift; path = ViewController.swift; sourceTree = "<group>"; };
		21E404072852372C00668DDB /* Base */ = {isa = PBXFileReference; lastKnownFileType = file.storyboard; name = Base; path = Base.lproj/Main.storyboard; sourceTree = "<group>"; };
		21E404092852372E00668DDB /* Assets.xcassets */ = {isa = PBXFileReference; lastKnownFileType = folder.assetcatalog; path = Assets.xcassets; sourceTree = "<group>"; };
		21E4040C2852372E00668DDB /* Base */ = {isa = PBXFileReference; lastKnownFileType = file.storyboard; name = Base; path = Base.lproj/LaunchScreen.storyboard; sourceTree = "<group>"; };
		21E4040E2852372E00668DDB /* Info.plist */ = {isa = PBXFileReference; lastKnownFileType = text.plist.xml; path = Info.plist; sourceTree = "<group>"; };
		21E404132852372E00668DDB /* questionAppTests.xctest */ = {isa = PBXFileReference; explicitFileType = wrapper.cfbundle; includeInIndex = 0; path = questionAppTests.xctest; sourceTree = BUILT_PRODUCTS_DIR; };
		21E404172852372E00668DDB /* questionAppTests.swift */ = {isa = PBXFileReference; lastKnownFileType = sourcecode.swift; path = questionAppTests.swift; sourceTree = "<group>"; };
		21E4041D2852372E00668DDB /* questionAppUITests.xctest */ = {isa = PBXFileReference; explicitFileType = wrapper.cfbundle; includeInIndex = 0; path = questionAppUITests.xctest; sourceTree = BUILT_PRODUCTS_DIR; };
		21E404212852372E00668DDB /* questionAppUITests.swift */ = {isa = PBXFileReference; lastKnownFileType = sourcecode.swift; path = questionAppUITests.swift; sourceTree = "<group>"; };
		21E404232852372E00668DDB /* questionAppUITestsLaunchTests.swift */ = {isa = PBXFileReference; lastKnownFileType = sourcecode.swift; path = questionAppUITestsLaunchTests.swift; sourceTree = "<group>"; };
/* End PBXFileReference section */

/* Begin PBXFrameworksBuildPhase section */
		21E403FA2852372C00668DDB /* Frameworks */ = {
			isa = PBXFrameworksBuildPhase;
			buildActionMask = 2147483647;
			files = (
			);
			runOnlyForDeploymentPostprocessing = 0;
		};
		21E404102852372E00668DDB /* Frameworks */ = {
			isa = PBXFrameworksBuildPhase;
			buildActionMask = 2147483647;
			files = (
			);
			runOnlyForDeploymentPostprocessing = 0;
		};
		21E4041A2852372E00668DDB /* Frameworks */ = {
			isa = PBXFrameworksBuildPhase;
			buildActionMask = 2147483647;
			files = (
			);
			runOnlyForDeploymentPostprocessing = 0;
		};
/* End PBXFrameworksBuildPhase section */

/* Begin PBXGroup section */
		21E403F42852372C00668DDB = {
			isa = PBXGroup;
			children = (
				21E403FF2852372C00668DDB /* questionApp */,
				21E404162852372E00668DDB /* questionAppTests */,
				21E404202852372E00668DDB /* questionAppUITests */,
				21E403FE2852372C00668DDB /* Products */,
			);
			sourceTree = "<group>";
		};
		21E403FE2852372C00668DDB /* Products */ = {
			isa = PBXGroup;
			children = (
				21E403FD2852372C00668DDB /* questionApp.app */,
				21E404132852372E00668DDB /* questionAppTests.xctest */,
				21E4041D2852372E00668DDB /* questionAppUITests.xctest */,
			);
			name = Products;
			sourceTree = "<group>";
		};
		21E403FF2852372C00668DDB /* questionApp */ = {
			isa = PBXGroup;
			children = (
				21E404002852372C00668DDB /* AppDelegate.swift */,
				21E404022852372C00668DDB /* SceneDelegate.swift */,
				21E404042852372C00668DDB /* ViewController.swift */,
				21C9726D2852F0E300836A9F /* secondViewController.swift */,
				21E404062852372C00668DDB /* Main.storyboard */,
				21C972772853890E00836A9F /* altViewController.swift */,
				21C972712852FBA700836A9F /* thirdViewController.swift */,
				21E404092852372E00668DDB /* Assets.xcassets */,
				21E4040B2852372E00668DDB /* LaunchScreen.storyboard */,
				21E4040E2852372E00668DDB /* Info.plist */,
			);
			path = questionApp;
			sourceTree = "<group>";
		};
		21E404162852372E00668DDB /* questionAppTests */ = {
			isa = PBXGroup;
			children = (
				21E404172852372E00668DDB /* questionAppTests.swift */,
			);
			path = questionAppTests;
			sourceTree = "<group>";
		};
		21E404202852372E00668DDB /* questionAppUITests */ = {
			isa = PBXGroup;
			children = (
				21E404212852372E00668DDB /* questionAppUITests.swift */,
				21E404232852372E00668DDB /* questionAppUITestsLaunchTests.swift */,
			);
			path = questionAppUITests;
			sourceTree = "<group>";
		};
/* End PBXGroup section */

/* Begin PBXNativeTarget section */
		21E403FC2852372C00668DDB /* questionApp */ = {
			isa = PBXNativeTarget;
			buildConfigurationList = 21E404272852372E00668DDB /* Build configuration list for PBXNativeTarget "questionApp" */;
			buildPhases = (
				21E403F92852372C00668DDB /* Sources */,
				21E403FA2852372C00668DDB /* Frameworks */,
				21E403FB2852372C00668DDB /* Resources */,
			);
			buildRules = (
			);
			dependencies = (
			);
			name = questionApp;
			productName = questionApp;
			productReference = 21E403FD2852372C00668DDB /* questionApp.app */;
			productType = "com.apple.product-type.application";
		};
		21E404122852372E00668DDB /* questionAppTests */ = {
			isa = PBXNativeTarget;
			buildConfigurationList = 21E4042A2852372E00668DDB /* Build configuration list for PBXNativeTarget "questionAppTests" */;
			buildPhases = (
				21E4040F2852372E00668DDB /* Sources */,
				21E404102852372E00668DDB /* Frameworks */,
				21E404112852372E00668DDB /* Resources */,
			);
			buildRules = (
			);
			dependencies = (
				21E404152852372E00668DDB /* PBXTargetDependency */,
			);
			name = questionAppTests;
			productName = questionAppTests;
			productReference = 21E404132852372E00668DDB /* questionAppTests.xctest */;
			productType = "com.apple.product-type.bundle.unit-test";
		};
		21E4041C2852372E00668DDB /* questionAppUITests */ = {
			isa = PBXNativeTarget;
			buildConfigurationList = 21E4042D2852372E00668DDB /* Build configuration list for PBXNativeTarget "questionAppUITests" */;
			buildPhases = (
				21E404192852372E00668DDB /* Sources */,
				21E4041A2852372E00668DDB /* Frameworks */,
				21E4041B2852372E00668DDB /* Resources */,
			);
			buildRules = (
			);
			dependencies = (
				21E4041F2852372E00668DDB /* PBXTargetDependency */,
			);
			name = questionAppUITests;
			productName = questionAppUITests;
			productReference = 21E4041D2852372E00668DDB /* questionAppUITests.xctest */;
			productType = "com.apple.product-type.bundle.ui-testing";
		};
/* End PBXNativeTarget section */

/* Begin PBXProject section */
		21E403F52852372C00668DDB /* Project object */ = {
			isa = PBXProject;
			attributes = {
				BuildIndependentTargetsInParallel = 1;
				LastSwiftUpdateCheck = 1340;
				LastUpgradeCheck = 1340;
				TargetAttributes = {
					21E403FC2852372C00668DDB = {
						CreatedOnToolsVersion = 13.4.1;
					};
					21E404122852372E00668DDB = {
						CreatedOnToolsVersion = 13.4.1;
						TestTargetID = 21E403FC2852372C00668DDB;
					};
					21E4041C2852372E00668DDB = {
						CreatedOnToolsVersion = 13.4.1;
						TestTargetID = 21E403FC2852372C00668DDB;
					};
				};
			};
			buildConfigurationList = 21E403F82852372C00668DDB /* Build configuration list for PBXProject "questionApp" */;
			compatibilityVersion = "Xcode 13.0";
			developmentRegion = en;
			hasScannedForEncodings = 0;
			knownRegions = (
				en,
				Base,
			);
			mainGroup = 21E403F42852372C00668DDB;
			productRefGroup = 21E403FE2852372C00668DDB /* Products */;
			projectDirPath = "";
			projectRoot = "";
			targets = (
				21E403FC2852372C00668DDB /* questionApp */,
				21E404122852372E00668DDB /* questionAppTests */,
				21E4041C2852372E00668DDB /* questionAppUITests */,
			);
		};
/* End PBXProject section */

/* Begin PBXResourcesBuildPhase section */
		21E403FB2852372C00668DDB /* Resources */ = {
			isa = PBXResourcesBuildPhase;
			buildActionMask = 2147483647;
			files = (
				21E4040D2852372E00668DDB /* LaunchScreen.storyboard in Resources */,
				21E4040A2852372E00668DDB /* Assets.xcassets in Resources */,
				21E404082852372C00668DDB /* Main.storyboard in Resources */,
			);
			runOnlyForDeploymentPostprocessing = 0;
		};
		21E404112852372E00668DDB /* Resources */ = {
			isa = PBXResourcesBuildPhase;
			buildActionMask = 2147483647;
			files = (
			);
			runOnlyForDeploymentPostprocessing = 0;
		};
		21E4041B2852372E00668DDB /* Resources */ = {
			isa = PBXResourcesBuildPhase;
			buildActionMask = 2147483647;
			files = (
			);
			runOnlyForDeploymentPostprocessing = 0;
		};
/* End PBXResourcesBuildPhase section */

/* Begin PBXSourcesBuildPhase section */
		21E403F92852372C00668DDB /* Sources */ = {
			isa = PBXSourcesBuildPhase;
			buildActionMask = 2147483647;
			files = (
				21C9726E2852F0E300836A9F /* secondViewController.swift in Sources */,
				21E404052852372C00668DDB /* ViewController.swift in Sources */,
				21C972782853890E00836A9F /* altViewController.swift in Sources */,
				21C972722852FBA700836A9F /* thirdViewController.swift in Sources */,
				21E404012852372C00668DDB /* AppDelegate.swift in Sources */,
				21E404032852372C00668DDB /* SceneDelegate.swift in Sources */,
			);
			runOnlyForDeploymentPostprocessing = 0;
		};
		21E4040F2852372E00668DDB /* Sources */ = {
			isa = PBXSourcesBuildPhase;
			buildActionMask = 2147483647;
			files = (
				21E404182852372E00668DDB /* questionAppTests.swift in Sources */,
			);
			runOnlyForDeploymentPostprocessing = 0;
		};
		21E404192852372E00668DDB /* Sources */ = {
			isa = PBXSourcesBuildPhase;
			buildActionMask = 2147483647;
			files = (
				21E404242852372E00668DDB /* questionAppUITestsLaunchTests.swift in Sources */,
				21E404222852372E00668DDB /* questionAppUITests.swift in Sources */,
			);
			runOnlyForDeploymentPostprocessing = 0;
		};
/* End PBXSourcesBuildPhase section */

/* Begin PBXTargetDependency section */
		21E404152852372E00668DDB /* PBXTargetDependency */ = {
			isa = PBXTargetDependency;
			target = 21E403FC2852372C00668DDB /* questionApp */;
			targetProxy = 21E404142852372E00668DDB /* PBXContainerItemProxy */;
		};
		21E4041F2852372E00668DDB /* PBXTargetDependency */ = {
			isa = PBXTargetDependency;
			target = 21E403FC2852372C00668DDB /* questionApp */;
			targetProxy = 21E4041E2852372E00668DDB /* PBXContainerItemProxy */;
		};
/* End PBXTargetDependency section */

/* Begin PBXVariantGroup section */
		21E404062852372C00668DDB /* Main.storyboard */ = {
			isa = PBXVariantGroup;
			children = (
				21E404072852372C00668DDB /* Base */,
			);
			name = Main.storyboard;
			sourceTree = "<group>";
		};
		21E4040B2852372E00668DDB /* LaunchScreen.storyboard */ = {
			isa = PBXVariantGroup;
			children = (
				21E4040C2852372E00668DDB /* Base */,
			);
			name = LaunchScreen.storyboard;
			sourceTree = "<group>";
		};
/* End PBXVariantGroup section */

/* Begin XCBuildConfiguration section */
		21E404252852372E00668DDB /* Debug */ = {
			isa = XCBuildConfiguration;
			buildSettings = {
				ALWAYS_SEARCH_USER_PATHS = NO;
				CLANG_ANALYZER_NONNULL = YES;
				CLANG_ANALYZER_NUMBER_OBJECT_CONVERSION = YES_AGGRESSIVE;
				CLANG_CXX_LANGUAGE_STANDARD = "gnu++17";
				CLANG_ENABLE_MODULES = YES;
				CLANG_ENABLE_OBJC_ARC = YES;
				CLANG_ENABLE_OBJC_WEAK = YES;
				CLANG_WARN_BLOCK_CAPTURE_AUTORELEASING = YES;
				CLANG_WARN_BOOL_CONVERSION = YES;
				CLANG_WARN_COMMA = YES;
				CLANG_WARN_CONSTANT_CONVERSION = YES;
				CLANG_WARN_DEPRECATED_OBJC_IMPLEMENTATIONS = YES;
				CLANG_WARN_DIRECT_OBJC_ISA_USAGE = YES_ERROR;
				CLANG_WARN_DOCUMENTATION_COMMENTS = YES;
				CLANG_WARN_EMPTY_BODY = YES;
				CLANG_WARN_ENUM_CONVERSION = YES;
				CLANG_WARN_INFINITE_RECURSION = YES;
				CLANG_WARN_INT_CONVERSION = YES;
				CLANG_WARN_NON_LITERAL_NULL_CONVERSION = YES;
				CLANG_WARN_OBJC_IMPLICIT_RETAIN_SELF = YES;
				CLANG_WARN_OBJC_LITERAL_CONVERSION = YES;
				CLANG_WARN_OBJC_ROOT_CLASS = YES_ERROR;
				CLANG_WARN_QUOTED_INCLUDE_IN_FRAMEWORK_HEADER = YES;
				CLANG_WARN_RANGE_LOOP_ANALYSIS = YES;
				CLANG_WARN_STRICT_PROTOTYPES = YES;
				CLANG_WARN_SUSPICIOUS_MOVE = YES;
				CLANG_WARN_UNGUARDED_AVAILABILITY = YES_AGGRESSIVE;
				CLANG_WARN_UNREACHABLE_CODE = YES;
				CLANG_WARN__DUPLICATE_METHOD_MATCH = YES;
				COPY_PHASE_STRIP = NO;
				DEBUG_INFORMATION_FORMAT = dwarf;
				ENABLE_STRICT_OBJC_MSGSEND = YES;
				ENABLE_TESTABILITY = YES;
				GCC_C_LANGUAGE_STANDARD = gnu11;
				GCC_DYNAMIC_NO_PIC = NO;
				GCC_NO_COMMON_BLOCKS = YES;
				GCC_OPTIMIZATION_LEVEL = 0;
				GCC_PREPROCESSOR_DEFINITIONS = (
					"DEBUG=1",
					"$(inherited)",
				);
				GCC_WARN_64_TO_32_BIT_CONVERSION = YES;
				GCC_WARN_ABOUT_RETURN_TYPE = YES_ERROR;
				GCC_WARN_UNDECLARED_SELECTOR = YES;
				GCC_WARN_UNINITIALIZED_AUTOS = YES_AGGRESSIVE;
				GCC_WARN_UNUSED_FUNCTION = YES;
				GCC_WARN_UNUSED_VARIABLE = YES;
				IPHONEOS_DEPLOYMENT_TARGET = 15.5;
				MTL_ENABLE_DEBUG_INFO = INCLUDE_SOURCE;
				MTL_FAST_MATH = YES;
				ONLY_ACTIVE_ARCH = YES;
				SDKROOT = iphoneos;
				SWIFT_ACTIVE_COMPILATION_CONDITIONS = DEBUG;
				SWIFT_OPTIMIZATION_LEVEL = "-Onone";
			};
			name = Debug;
		};
		21E404262852372E00668DDB /* Release */ = {
			isa = XCBuildConfiguration;
			buildSettings = {
				ALWAYS_SEARCH_USER_PATHS = NO;
				CLANG_ANALYZER_NONNULL = YES;
				CLANG_ANALYZER_NUMBER_OBJECT_CONVERSION = YES_AGGRESSIVE;
				CLANG_CXX_LANGUAGE_STANDARD = "gnu++17";
				CLANG_ENABLE_MODULES = YES;
				CLANG_ENABLE_OBJC_ARC = YES;
				CLANG_ENABLE_OBJC_WEAK = YES;
				CLANG_WARN_BLOCK_CAPTURE_AUTORELEASING = YES;
				CLANG_WARN_BOOL_CONVERSION = YES;
				CLANG_WARN_COMMA = YES;
				CLANG_WARN_CONSTANT_CONVERSION = YES;
				CLANG_WARN_DEPRECATED_OBJC_IMPLEMENTATIONS = YES;
				CLANG_WARN_DIRECT_OBJC_ISA_USAGE = YES_ERROR;
				CLANG_WARN_DOCUMENTATION_COMMENTS = YES;
				CLANG_WARN_EMPTY_BODY = YES;
				CLANG_WARN_ENUM_CONVERSION = YES;
				CLANG_WARN_INFINITE_RECURSION = YES;
				CLANG_WARN_INT_CONVERSION = YES;
				CLANG_WARN_NON_LITERAL_NULL_CONVERSION = YES;
				CLANG_WARN_OBJC_IMPLICIT_RETAIN_SELF = YES;
				CLANG_WARN_OBJC_LITERAL_CONVERSION = YES;
				CLANG_WARN_OBJC_ROOT_CLASS = YES_ERROR;
				CLANG_WARN_QUOTED_INCLUDE_IN_FRAMEWORK_HEADER = YES;
				CLANG_WARN_RANGE_LOOP_ANALYSIS = YES;
				CLANG_WARN_STRICT_PROTOTYPES = YES;
				CLANG_WARN_SUSPICIOUS_MOVE = YES;
				CLANG_WARN_UNGUARDED_AVAILABILITY = YES_AGGRESSIVE;
				CLANG_WARN_UNREACHABLE_CODE = YES;
				CLANG_WARN__DUPLICATE_METHOD_MATCH = YES;
				COPY_PHASE_STRIP = NO;
				DEBUG_INFORMATION_FORMAT = "dwarf-with-dsym";
				ENABLE_NS_ASSERTIONS = NO;
				ENABLE_STRICT_OBJC_MSGSEND = YES;
				GCC_C_LANGUAGE_STANDARD = gnu11;
				GCC_NO_COMMON_BLOCKS = YES;
				GCC_WARN_64_TO_32_BIT_CONVERSION = YES;
				GCC_WARN_ABOUT_RETURN_TYPE = YES_ERROR;
				GCC_WARN_UNDECLARED_SELECTOR = YES;
				GCC_WARN_UNINITIALIZED_AUTOS = YES_AGGRESSIVE;
				GCC_WARN_UNUSED_FUNCTION = YES;
				GCC_WARN_UNUSED_VARIABLE = YES;
				IPHONEOS_DEPLOYMENT_TARGET = 15.5;
				MTL_ENABLE_DEBUG_INFO = NO;
				MTL_FAST_MATH = YES;
				SDKROOT = iphoneos;
				SWIFT_COMPILATION_MODE = wholemodule;
				SWIFT_OPTIMIZATION_LEVEL = "-O";
				VALIDATE_PRODUCT = YES;
			};
			name = Release;
		};
		21E404282852372E00668DDB /* Debug */ = {
			isa = XCBuildConfiguration;
			buildSettings = {
				ASSETCATALOG_COMPILER_APPICON_NAME = AppIcon;
				ASSETCATALOG_COMPILER_GLOBAL_ACCENT_COLOR_NAME = AccentColor;
				CODE_SIGN_STYLE = Automatic;
				CURRENT_PROJECT_VERSION = 1;
				DEVELOPMENT_TEAM = D7N7FPLKJC;
				GENERATE_INFOPLIST_FILE = YES;
				INFOPLIST_FILE = questionApp/Info.plist;
				INFOPLIST_KEY_CFBundleDisplayName = "Question App";
				INFOPLIST_KEY_UIApplicationSupportsIndirectInputEvents = YES;
				INFOPLIST_KEY_UILaunchStoryboardName = LaunchScreen;
				INFOPLIST_KEY_UIMainStoryboardFile = Main;
				INFOPLIST_KEY_UISupportedInterfaceOrientations_iPad = "UIInterfaceOrientationPortrait UIInterfaceOrientationPortraitUpsideDown UIInterfaceOrientationLandscapeLeft UIInterfaceOrientationLandscapeRight";
				INFOPLIST_KEY_UISupportedInterfaceOrientations_iPhone = "UIInterfaceOrientationPortrait UIInterfaceOrientationLandscapeLeft UIInterfaceOrientationLandscapeRight";
				LD_RUNPATH_SEARCH_PATHS = (
					"$(inherited)",
					"@executable_path/Frameworks",
				);
				MARKETING_VERSION = 1.0;
				PRODUCT_BUNDLE_IDENTIFIER = "Kode-with-Klossy.questionApp";
				PRODUCT_NAME = "$(TARGET_NAME)";
				SWIFT_EMIT_LOC_STRINGS = YES;
				SWIFT_VERSION = 5.0;
				TARGETED_DEVICE_FAMILY = "1,2";
			};
			name = Debug;
		};
		21E404292852372E00668DDB /* Release */ = {
			isa = XCBuildConfiguration;
			buildSettings = {
				ASSETCATALOG_COMPILER_APPICON_NAME = AppIcon;
				ASSETCATALOG_COMPILER_GLOBAL_ACCENT_COLOR_NAME = AccentColor;
				CODE_SIGN_STYLE = Automatic;
				CURRENT_PROJECT_VERSION = 1;
				DEVELOPMENT_TEAM = D7N7FPLKJC;
				GENERATE_INFOPLIST_FILE = YES;
				INFOPLIST_FILE = questionApp/Info.plist;
				INFOPLIST_KEY_CFBundleDisplayName = "Question App";
				INFOPLIST_KEY_UIApplicationSupportsIndirectInputEvents = YES;
				INFOPLIST_KEY_UILaunchStoryboardName = LaunchScreen;
				INFOPLIST_KEY_UIMainStoryboardFile = Main;
				INFOPLIST_KEY_UISupportedInterfaceOrientations_iPad = "UIInterfaceOrientationPortrait UIInterfaceOrientationPortraitUpsideDown UIInterfaceOrientationLandscapeLeft UIInterfaceOrientationLandscapeRight";
				INFOPLIST_KEY_UISupportedInterfaceOrientations_iPhone = "UIInterfaceOrientationPortrait UIInterfaceOrientationLandscapeLeft UIInterfaceOrientationLandscapeRight";
				LD_RUNPATH_SEARCH_PATHS = (
					"$(inherited)",
					"@executable_path/Frameworks",
				);
				MARKETING_VERSION = 1.0;
				PRODUCT_BUNDLE_IDENTIFIER = "Kode-with-Klossy.questionApp";
				PRODUCT_NAME = "$(TARGET_NAME)";
				SWIFT_EMIT_LOC_STRINGS = YES;
				SWIFT_VERSION = 5.0;
				TARGETED_DEVICE_FAMILY = "1,2";
			};
			name = Release;
		};
		21E4042B2852372E00668DDB /* Debug */ = {
			isa = XCBuildConfiguration;
			buildSettings = {
				ALWAYS_EMBED_SWIFT_STANDARD_LIBRARIES = YES;
				BUNDLE_LOADER = "$(TEST_HOST)";
				CODE_SIGN_STYLE = Automatic;
				CURRENT_PROJECT_VERSION = 1;
				DEVELOPMENT_TEAM = D7N7FPLKJC;
				GENERATE_INFOPLIST_FILE = YES;
				IPHONEOS_DEPLOYMENT_TARGET = 15.5;
				MARKETING_VERSION = 1.0;
				PRODUCT_BUNDLE_IDENTIFIER = "Kode-with-Klossy.questionAppTests";
				PRODUCT_NAME = "$(TARGET_NAME)";
				SWIFT_EMIT_LOC_STRINGS = NO;
				SWIFT_VERSION = 5.0;
				TARGETED_DEVICE_FAMILY = "1,2";
				TEST_HOST = "$(BUILT_PRODUCTS_DIR)/questionApp.app/questionApp";
			};
			name = Debug;
		};
		21E4042C2852372E00668DDB /* Release */ = {
			isa = XCBuildConfiguration;
			buildSettings = {
				ALWAYS_EMBED_SWIFT_STANDARD_LIBRARIES = YES;
				BUNDLE_LOADER = "$(TEST_HOST)";
				CODE_SIGN_STYLE = Automatic;
				CURRENT_PROJECT_VERSION = 1;
				DEVELOPMENT_TEAM = D7N7FPLKJC;
				GENERATE_INFOPLIST_FILE = YES;
				IPHONEOS_DEPLOYMENT_TARGET = 15.5;
				MARKETING_VERSION = 1.0;
				PRODUCT_BUNDLE_IDENTIFIER = "Kode-with-Klossy.questionAppTests";
				PRODUCT_NAME = "$(TARGET_NAME)";
				SWIFT_EMIT_LOC_STRINGS = NO;
				SWIFT_VERSION = 5.0;
				TARGETED_DEVICE_FAMILY = "1,2";
				TEST_HOST = "$(BUILT_PRODUCTS_DIR)/questionApp.app/questionApp";
			};
			name = Release;
		};
		21E4042E2852372E00668DDB /* Debug */ = {
			isa = XCBuildConfiguration;
			buildSettings = {
				ALWAYS_EMBED_SWIFT_STANDARD_LIBRARIES = YES;
				CODE_SIGN_STYLE = Automatic;
				CURRENT_PROJECT_VERSION = 1;
				DEVELOPMENT_TEAM = D7N7FPLKJC;
				GENERATE_INFOPLIST_FILE = YES;
				MARKETING_VERSION = 1.0;
				PRODUCT_BUNDLE_IDENTIFIER = "Kode-with-Klossy.questionAppUITests";
				PRODUCT_NAME = "$(TARGET_NAME)";
				SWIFT_EMIT_LOC_STRINGS = NO;
				SWIFT_VERSION = 5.0;
				TARGETED_DEVICE_FAMILY = "1,2";
				TEST_TARGET_NAME = questionApp;
			};
			name = Debug;
		};
		21E4042F2852372E00668DDB /* Release */ = {
			isa = XCBuildConfiguration;
			buildSettings = {
				ALWAYS_EMBED_SWIFT_STANDARD_LIBRARIES = YES;
				CODE_SIGN_STYLE = Automatic;
				CURRENT_PROJECT_VERSION = 1;
				DEVELOPMENT_TEAM = D7N7FPLKJC;
				GENERATE_INFOPLIST_FILE = YES;
				MARKETING_VERSION = 1.0;
				PRODUCT_BUNDLE_IDENTIFIER = "Kode-with-Klossy.questionAppUITests";
				PRODUCT_NAME = "$(TARGET_NAME)";
				SWIFT_EMIT_LOC_STRINGS = NO;
				SWIFT_VERSION = 5.0;
				TARGETED_DEVICE_FAMILY = "1,2";
				TEST_TARGET_NAME = questionApp;
			};
			name = Release;
		};
/* End XCBuildConfiguration section */

/* Begin XCConfigurationList section */
		21E403F82852372C00668DDB /* Build configuration list for PBXProject "questionApp" */ = {
			isa = XCConfigurationList;
			buildConfigurations = (
				21E404252852372E00668DDB /* Debug */,
				21E404262852372E00668DDB /* Release */,
			);
			defaultConfigurationIsVisible = 0;
			defaultConfigurationName = Release;
		};
		21E404272852372E00668DDB /* Build configuration list for PBXNativeTarget "questionApp" */ = {
			isa = XCConfigurationList;
			buildConfigurations = (
				21E404282852372E00668DDB /* Debug */,
				21E404292852372E00668DDB /* Release */,
			);
			defaultConfigurationIsVisible = 0;
			defaultConfigurationName = Release;
		};
		21E4042A2852372E00668DDB /* Build configuration list for PBXNativeTarget "questionAppTests" */ = {
			isa = XCConfigurationList;
			buildConfigurations = (
				21E4042B2852372E00668DDB /* Debug */,
				21E4042C2852372E00668DDB /* Release */,
			);
			defaultConfigurationIsVisible = 0;
			defaultConfigurationName = Release;
		};
		21E4042D2852372E00668DDB /* Build configuration list for PBXNativeTarget "questionAppUITests" */ = {
			isa = XCConfigurationList;
			buildConfigurations = (
				21E4042E2852372E00668DDB /* Debug */,
				21E4042F2852372E00668DDB /* Release */,
			);
			defaultConfigurationIsVisible = 0;
			defaultConfigurationName = Release;
		};
/* End XCConfigurationList section */
	};
	rootObject = 21E403F52852372C00668DDB /* Project object */;
}
